
Microsoft Visual Studio Solution File, Format Version 12.00
# Visual Studio 2015
Project("{FAE04EC0-301F-11D3-BF4B-00C04F79EFBC}") = "HiddenDungeon.CSharp.Plugins", "HiddenDungeon.CSharp.Plugins.csproj", "{696F0CB1-202B-A0C1-D538-8BEE5BE932F1}"
EndProject
Project("{FAE04EC0-301F-11D3-BF4B-00C04F79EFBC}") = "HiddenDungeon.CSharp", "HiddenDungeon.CSharp.csproj", "{50BBB610-82CD-B439-421E-77F08BDFD0FE}"
EndProject
Project("{FAE04EC0-301F-11D3-BF4B-00C04F79EFBC}") = "HiddenDungeon.CSharp.Editor", "HiddenDungeon.CSharp.Editor.csproj", "{355528B6-F814-57B5-92E6-B696C47C0408}"
EndProject
Global
	GlobalSection(SolutionConfigurationPlatforms) = preSolution
		Debug|Any CPU = Debug|Any CPU
		Release|Any CPU = Release|Any CPU
	EndGlobalSection
	GlobalSection(ProjectConfigurationPlatforms) = postSolution
		{696F0CB1-202B-A0C1-D538-8BEE5BE932F1}.Debug|Any CPU.ActiveCfg = Debug|Any CPU
		{696F0CB1-202B-A0C1-D538-8BEE5BE932F1}.Debug|Any CPU.Build.0 = Debug|Any CPU
		{696F0CB1-202B-A0C1-D538-8BEE5BE932F1}.Release|Any CPU.ActiveCfg = Release|Any CPU
		{696F0CB1-202B-A0C1-D538-8BEE5BE932F1}.Release|Any CPU.Build.0 = Release|Any CPU
		{50BBB610-82CD-B439-421E-77F08BDFD0FE}.Debug|Any CPU.ActiveCfg = Debug|Any CPU
		{50BBB610-82CD-B439-421E-77F08BDFD0FE}.Debug|Any CPU.Build.0 = Debug|Any CPU
		{50BBB610-82CD-B439-421E-77F08BDFD0FE}.Release|Any CPU.ActiveCfg = Release|Any CPU
		{50BBB610-82CD-B439-421E-77F08BDFD0FE}.Release|Any CPU.Build.0 = Release|Any CPU
		{355528B6-F814-57B5-92E6-B696C47C0408}.Debug|Any CPU.ActiveCfg = Debug|Any CPU
		{355528B6-F814-57B5-92E6-B696C47C0408}.Debug|Any CPU.Build.0 = Debug|Any CPU
		{355528B6-F814-57B5-92E6-B696C47C0408}.Release|Any CPU.ActiveCfg = Release|Any CPU
		{355528B6-F814-57B5-92E6-B696C47C0408}.Release|Any CPU.Build.0 = Release|Any CPU
	EndGlobalSection
	GlobalSection(SolutionProperties) = preSolution
		HideSolutionNode = FALSE
	EndGlobalSection
EndGlobal
